// !$*UTF8*$!
{
	archiveVersion = 1;
	classes = {
	};
	objectVersion = 46;
	objects = {

/* Begin PBXBuildFile section */
		4EC69CDE19726D340094A23E /* AppDelegate.swift in Sources */ = {isa = PBXBuildFile; fileRef = 4EC69CDD19726D340094A23E /* AppDelegate.swift */; };
		4EC69CE219726D340094A23E /* GameScene.swift in Sources */ = {isa = PBXBuildFile; fileRef = 4EC69CE119726D340094A23E /* GameScene.swift */; };
		4EC69CE419726D340094A23E /* GameViewController.swift in Sources */ = {isa = PBXBuildFile; fileRef = 4EC69CE319726D340094A23E /* GameViewController.swift */; };
		4EC69CE719726D340094A23E /* Main.storyboard in Resources */ = {isa = PBXBuildFile; fileRef = 4EC69CE519726D340094A23E /* Main.storyboard */; };
		4EC69CE919726D340094A23E /* Images.xcassets in Resources */ = {isa = PBXBuildFile; fileRef = 4EC69CE819726D340094A23E /* Images.xcassets */; };
		4EC69CF519726D350094A23E /* Flappy_SwiftTests.swift in Sources */ = {isa = PBXBuildFile; fileRef = 4EC69CF419726D350094A23E /* Flappy_SwiftTests.swift */; };
		4EC69D08197278E30094A23E /* bg.png in Resources */ = {isa = PBXBuildFile; fileRef = 4EC69CFF197278E30094A23E /* bg.png */; };
		4EC69D09197278E30094A23E /* bg@2x.png in Resources */ = {isa = PBXBuildFile; fileRef = 4EC69D00197278E30094A23E /* bg@2x.png */; };
		4EC69D0A197278E30094A23E /* bird1.png in Resources */ = {isa = PBXBuildFile; fileRef = 4EC69D01197278E30094A23E /* bird1.png */; };
		4EC69D0B197278E30094A23E /* bird1@2x.png in Resources */ = {isa = PBXBuildFile; fileRef = 4EC69D02197278E30094A23E /* bird1@2x.png */; };
		4EC69D0C197278E30094A23E /* bird2.png in Resources */ = {isa = PBXBuildFile; fileRef = 4EC69D03197278E30094A23E /* bird2.png */; };
		4EC69D0D197278E30094A23E /* bird2@2x.png in Resources */ = {isa = PBXBuildFile; fileRef = 4EC69D04197278E30094A23E /* bird2@2x.png */; };
		4EC69D0E197278E30094A23E /* bottom.png in Resources */ = {isa = PBXBuildFile; fileRef = 4EC69D05197278E30094A23E /* bottom.png */; };
		4EC69D0F197278E30094A23E /* pipe.png in Resources */ = {isa = PBXBuildFile; fileRef = 4EC69D06197278E30094A23E /* pipe.png */; };
		4EC69D10197278E30094A23E /* TapToStart.png in Resources */ = {isa = PBXBuildFile; fileRef = 4EC69D07197278E30094A23E /* TapToStart.png */; };
		E935F4681B2A5081004F9924 /* SFX_Powerup_21.wav in Resources */ = {isa = PBXBuildFile; fileRef = E935F4671B2A5081004F9924 /* SFX_Powerup_21.wav */; };
		E935F46A1B2A50E5004F9924 /* SFX_Powerup_47.wav in Resources */ = {isa = PBXBuildFile; fileRef = E935F4691B2A50E5004F9924 /* SFX_Powerup_47.wav */; };
		E935F46C1B2A50FA004F9924 /* SFX_Powerup_34.wav in Resources */ = {isa = PBXBuildFile; fileRef = E935F46B1B2A50FA004F9924 /* SFX_Powerup_34.wav */; };
		E935F46E1B2B49EA004F9924 /* MenuScene.swift in Sources */ = {isa = PBXBuildFile; fileRef = E935F46D1B2B49EA004F9924 /* MenuScene.swift */; };
		E935F4701B2D2DA9004F9924 /* TopBirdScene.swift in Sources */ = {isa = PBXBuildFile; fileRef = E935F46F1B2D2DA9004F9924 /* TopBirdScene.swift */; };
		E97C45461B28DCC700AA50F1 /* iAd.framework in Frameworks */ = {isa = PBXBuildFile; fileRef = E97C45451B28DCC700AA50F1 /* iAd.framework */; };
		E99E88AB1B2D49C10064EE51 /* win.wav in Resources */ = {isa = PBXBuildFile; fileRef = E99E88A91B2D49C10064EE51 /* win.wav */; };
		E99E88AC1B2D49C10064EE51 /* hit01.wav in Resources */ = {isa = PBXBuildFile; fileRef = E99E88AA1B2D49C10064EE51 /* hit01.wav */; };
		E99E88AE1B2DFBB40064EE51 /* EasyGameCenter.swift in Sources */ = {isa = PBXBuildFile; fileRef = E99E88AD1B2DFBB40064EE51 /* EasyGameCenter.swift */; };
		E99E88B01B2DFBD60064EE51 /* GameKit.framework in Frameworks */ = {isa = PBXBuildFile; fileRef = E99E88AF1B2DFBD60064EE51 /* GameKit.framework */; };
		E99E88B21B2DFBE80064EE51 /* SystemConfiguration.framework in Frameworks */ = {isa = PBXBuildFile; fileRef = E99E88B11B2DFBE80064EE51 /* SystemConfiguration.framework */; };
		E9AC1D4E1B25164500F2468B /* man1@2x.png in Resources */ = {isa = PBXBuildFile; fileRef = E9AC1D4A1B25164500F2468B /* man1@2x.png */; };
		E9AC1D4F1B25164500F2468B /* man2@2x.png in Resources */ = {isa = PBXBuildFile; fileRef = E9AC1D4B1B25164500F2468B /* man2@2x.png */; };
		E9AC1D501B25164500F2468B /* man3@2x.png in Resources */ = {isa = PBXBuildFile; fileRef = E9AC1D4C1B25164500F2468B /* man3@2x.png */; };
		E9AC1D511B25164500F2468B /* man4@2x.png in Resources */ = {isa = PBXBuildFile; fileRef = E9AC1D4D1B25164500F2468B /* man4@2x.png */; };
		E9C288211B2946C1003AD446 /* SFX_Powerup_49.wav in Resources */ = {isa = PBXBuildFile; fileRef = E9C288201B2946C1003AD446 /* SFX_Powerup_49.wav */; };
		E9C288231B294D53003AD446 /* bossfight.mp3 in Resources */ = {isa = PBXBuildFile; fileRef = E9C288221B294D53003AD446 /* bossfight.mp3 */; };
		E9C288251B2953DC003AD446 /* SwiftyUserDefaults.swift in Sources */ = {isa = PBXBuildFile; fileRef = E9C288241B2953DC003AD446 /* SwiftyUserDefaults.swift */; };
		E9C7C6A01B27763400F380DC /* background@2x.png in Resources */ = {isa = PBXBuildFile; fileRef = E9C7C69F1B27763400F380DC /* background@2x.png */; };
		E9F94D881B3390C40093F4CB /* StoreKit.framework in Frameworks */ = {isa = PBXBuildFile; fileRef = E9F94D871B3390C40093F4CB /* StoreKit.framework */; };
		E9F94D8A1B34BC8E0093F4CB /* ThankYouScene.swift in Sources */ = {isa = PBXBuildFile; fileRef = E9F94D891B34BC8E0093F4CB /* ThankYouScene.swift */; };
/* End PBXBuildFile section */

/* Begin PBXContainerItemProxy section */
		4EC69CEF19726D350094A23E /* PBXContainerItemProxy */ = {
			isa = PBXContainerItemProxy;
			containerPortal = 4EC69CD019726D340094A23E /* Project object */;
			proxyType = 1;
			remoteGlobalIDString = 4EC69CD719726D340094A23E;
			remoteInfo = "Flappy Swift";
		};
/* End PBXContainerItemProxy section */

/* Begin PBXFileReference section */
		4EC69CD819726D340094A23E /* Flappy Swift.app */ = {isa = PBXFileReference; explicitFileType = wrapper.application; includeInIndex = 0; path = "Flappy Swift.app"; sourceTree = BUILT_PRODUCTS_DIR; };
		4EC69CDC19726D340094A23E /* Info.plist */ = {isa = PBXFileReference; lastKnownFileType = text.plist.xml; path = Info.plist; sourceTree = "<group>"; };
		4EC69CDD19726D340094A23E /* AppDelegate.swift */ = {isa = PBXFileReference; lastKnownFileType = sourcecode.swift; path = AppDelegate.swift; sourceTree = "<group>"; };
		4EC69CE119726D340094A23E /* GameScene.swift */ = {isa = PBXFileReference; lastKnownFileType = sourcecode.swift; path = GameScene.swift; sourceTree = "<group>"; };
		4EC69CE319726D340094A23E /* GameViewController.swift */ = {isa = PBXFileReference; lastKnownFileType = sourcecode.swift; path = GameViewController.swift; sourceTree = "<group>"; };
		4EC69CE619726D340094A23E /* Base */ = {isa = PBXFileReference; lastKnownFileType = file.storyboard; name = Base; path = Base.lproj/Main.storyboard; sourceTree = "<group>"; };
		4EC69CE819726D340094A23E /* Images.xcassets */ = {isa = PBXFileReference; lastKnownFileType = folder.assetcatalog; path = Images.xcassets; sourceTree = "<group>"; };
		4EC69CEE19726D350094A23E /* Flappy SwiftTests.xctest */ = {isa = PBXFileReference; explicitFileType = wrapper.cfbundle; includeInIndex = 0; path = "Flappy SwiftTests.xctest"; sourceTree = BUILT_PRODUCTS_DIR; };
		4EC69CF319726D350094A23E /* Info.plist */ = {isa = PBXFileReference; lastKnownFileType = text.plist.xml; path = Info.plist; sourceTree = "<group>"; };
		4EC69CF419726D350094A23E /* Flappy_SwiftTests.swift */ = {isa = PBXFileReference; lastKnownFileType = sourcecode.swift; path = Flappy_SwiftTests.swift; sourceTree = "<group>"; };
		4EC69CFF197278E30094A23E /* bg.png */ = {isa = PBXFileReference; lastKnownFileType = image.png; path = bg.png; sourceTree = "<group>"; };
		4EC69D00197278E30094A23E /* bg@2x.png */ = {isa = PBXFileReference; lastKnownFileType = image.png; path = "bg@2x.png"; sourceTree = "<group>"; };
		4EC69D01197278E30094A23E /* bird1.png */ = {isa = PBXFileReference; lastKnownFileType = image.png; path = bird1.png; sourceTree = "<group>"; };
		4EC69D02197278E30094A23E /* bird1@2x.png */ = {isa = PBXFileReference; lastKnownFileType = image.png; path = "bird1@2x.png"; sourceTree = "<group>"; };
		4EC69D03197278E30094A23E /* bird2.png */ = {isa = PBXFileReference; lastKnownFileType = image.png; path = bird2.png; sourceTree = "<group>"; };
		4EC69D04197278E30094A23E /* bird2@2x.png */ = {isa = PBXFileReference; lastKnownFileType = image.png; path = "bird2@2x.png"; sourceTree = "<group>"; };
		4EC69D05197278E30094A23E /* bottom.png */ = {isa = PBXFileReference; lastKnownFileType = image.png; path = bottom.png; sourceTree = "<group>"; };
		4EC69D06197278E30094A23E /* pipe.png */ = {isa = PBXFileReference; lastKnownFileType = image.png; path = pipe.png; sourceTree = "<group>"; };
		4EC69D07197278E30094A23E /* TapToStart.png */ = {isa = PBXFileReference; lastKnownFileType = image.png; path = TapToStart.png; sourceTree = "<group>"; };
		E935F4671B2A5081004F9924 /* SFX_Powerup_21.wav */ = {isa = PBXFileReference; lastKnownFileType = audio.wav; path = SFX_Powerup_21.wav; sourceTree = "<group>"; };
		E935F4691B2A50E5004F9924 /* SFX_Powerup_47.wav */ = {isa = PBXFileReference; lastKnownFileType = audio.wav; path = SFX_Powerup_47.wav; sourceTree = "<group>"; };
		E935F46B1B2A50FA004F9924 /* SFX_Powerup_34.wav */ = {isa = PBXFileReference; lastKnownFileType = audio.wav; path = SFX_Powerup_34.wav; sourceTree = "<group>"; };
		E935F46D1B2B49EA004F9924 /* MenuScene.swift */ = {isa = PBXFileReference; fileEncoding = 4; lastKnownFileType = sourcecode.swift; path = MenuScene.swift; sourceTree = "<group>"; };
		E935F46F1B2D2DA9004F9924 /* TopBirdScene.swift */ = {isa = PBXFileReference; fileEncoding = 4; lastKnownFileType = sourcecode.swift; path = TopBirdScene.swift; sourceTree = "<group>"; };
		E97C45451B28DCC700AA50F1 /* iAd.framework */ = {isa = PBXFileReference; lastKnownFileType = wrapper.framework; name = iAd.framework; path = System/Library/Frameworks/iAd.framework; sourceTree = SDKROOT; };
		E99E88A91B2D49C10064EE51 /* win.wav */ = {isa = PBXFileReference; lastKnownFileType = audio.wav; path = win.wav; sourceTree = "<group>"; };
		E99E88AA1B2D49C10064EE51 /* hit01.wav */ = {isa = PBXFileReference; lastKnownFileType = audio.wav; path = hit01.wav; sourceTree = "<group>"; };
		E99E88AD1B2DFBB40064EE51 /* EasyGameCenter.swift */ = {isa = PBXFileReference; fileEncoding = 4; lastKnownFileType = sourcecode.swift; path = EasyGameCenter.swift; sourceTree = "<group>"; };
		E99E88AF1B2DFBD60064EE51 /* GameKit.framework */ = {isa = PBXFileReference; lastKnownFileType = wrapper.framework; name = GameKit.framework; path = System/Library/Frameworks/GameKit.framework; sourceTree = SDKROOT; };
		E99E88B11B2DFBE80064EE51 /* SystemConfiguration.framework */ = {isa = PBXFileReference; lastKnownFileType = wrapper.framework; name = SystemConfiguration.framework; path = System/Library/Frameworks/SystemConfiguration.framework; sourceTree = SDKROOT; };
		E9AC1D4A1B25164500F2468B /* man1@2x.png */ = {isa = PBXFileReference; lastKnownFileType = image.png; path = "man1@2x.png"; sourceTree = "<group>"; };
		E9AC1D4B1B25164500F2468B /* man2@2x.png */ = {isa = PBXFileReference; lastKnownFileType = image.png; path = "man2@2x.png"; sourceTree = "<group>"; };
		E9AC1D4C1B25164500F2468B /* man3@2x.png */ = {isa = PBXFileReference; lastKnownFileType = image.png; name = "man3@2x.png"; path = "Flappy Swift/images/man3@2x.png"; sourceTree = SOURCE_ROOT; };
		E9AC1D4D1B25164500F2468B /* man4@2x.png */ = {isa = PBXFileReference; lastKnownFileType = image.png; path = "man4@2x.png"; sourceTree = "<group>"; };
		E9C288201B2946C1003AD446 /* SFX_Powerup_49.wav */ = {isa = PBXFileReference; lastKnownFileType = audio.wav; path = SFX_Powerup_49.wav; sourceTree = "<group>"; };
		E9C288221B294D53003AD446 /* bossfight.mp3 */ = {isa = PBXFileReference; lastKnownFileType = audio.mp3; path = bossfight.mp3; sourceTree = "<group>"; };
		E9C288241B2953DC003AD446 /* SwiftyUserDefaults.swift */ = {isa = PBXFileReference; fileEncoding = 4; lastKnownFileType = sourcecode.swift; path = SwiftyUserDefaults.swift; sourceTree = "<group>"; };
		E9C7C69F1B27763400F380DC /* background@2x.png */ = {isa = PBXFileReference; lastKnownFileType = image.png; path = "background@2x.png"; sourceTree = "<group>"; };
		E9F94D871B3390C40093F4CB /* StoreKit.framework */ = {isa = PBXFileReference; lastKnownFileType = wrapper.framework; name = StoreKit.framework; path = System/Library/Frameworks/StoreKit.framework; sourceTree = SDKROOT; };
		E9F94D891B34BC8E0093F4CB /* ThankYouScene.swift */ = {isa = PBXFileReference; fileEncoding = 4; lastKnownFileType = sourcecode.swift; path = ThankYouScene.swift; sourceTree = "<group>"; };
/* End PBXFileReference section */

/* Begin PBXFrameworksBuildPhase section */
		4EC69CD519726D340094A23E /* Frameworks */ = {
			isa = PBXFrameworksBuildPhase;
			buildActionMask = 2147483647;
			files = (
				E99E88B21B2DFBE80064EE51 /* SystemConfiguration.framework in Frameworks */,
				E99E88B01B2DFBD60064EE51 /* GameKit.framework in Frameworks */,
				E97C45461B28DCC700AA50F1 /* iAd.framework in Frameworks */,
				E9F94D881B3390C40093F4CB /* StoreKit.framework in Frameworks */,
			);
			runOnlyForDeploymentPostprocessing = 0;
		};
		4EC69CEB19726D350094A23E /* Frameworks */ = {
			isa = PBXFrameworksBuildPhase;
			buildActionMask = 2147483647;
			files = (
			);
			runOnlyForDeploymentPostprocessing = 0;
		};
/* End PBXFrameworksBuildPhase section */

/* Begin PBXGroup section */
		4EC69CCF19726D340094A23E = {
			isa = PBXGroup;
			children = (
				E9F94D871B3390C40093F4CB /* StoreKit.framework */,
				E99E88B11B2DFBE80064EE51 /* SystemConfiguration.framework */,
				E99E88AF1B2DFBD60064EE51 /* GameKit.framework */,
				E97C45451B28DCC700AA50F1 /* iAd.framework */,
				4EC69CDA19726D340094A23E /* Flappy Swift */,
				4EC69CF119726D350094A23E /* Flappy SwiftTests */,
				4EC69CD919726D340094A23E /* Products */,
			);
			sourceTree = "<group>";
		};
		4EC69CD919726D340094A23E /* Products */ = {
			isa = PBXGroup;
			children = (
				4EC69CD819726D340094A23E /* Flappy Swift.app */,
				4EC69CEE19726D350094A23E /* Flappy SwiftTests.xctest */,
			);
			name = Products;
			sourceTree = "<group>";
		};
		4EC69CDA19726D340094A23E /* Flappy Swift */ = {
			isa = PBXGroup;
			children = (
				4EC69CFE197278E30094A23E /* images */,
				4EC69CDD19726D340094A23E /* AppDelegate.swift */,
				E9C288241B2953DC003AD446 /* SwiftyUserDefaults.swift */,
				E935F46D1B2B49EA004F9924 /* MenuScene.swift */,
				E935F46F1B2D2DA9004F9924 /* TopBirdScene.swift */,
				E9F94D891B34BC8E0093F4CB /* ThankYouScene.swift */,
				E99E88AD1B2DFBB40064EE51 /* EasyGameCenter.swift */,
				4EC69CE119726D340094A23E /* GameScene.swift */,
				4EC69CE319726D340094A23E /* GameViewController.swift */,
				E99E88A91B2D49C10064EE51 /* win.wav */,
				E99E88AA1B2D49C10064EE51 /* hit01.wav */,
				E9C288221B294D53003AD446 /* bossfight.mp3 */,
				E935F46B1B2A50FA004F9924 /* SFX_Powerup_34.wav */,
				E935F4671B2A5081004F9924 /* SFX_Powerup_21.wav */,
				E9C288201B2946C1003AD446 /* SFX_Powerup_49.wav */,
				E935F4691B2A50E5004F9924 /* SFX_Powerup_47.wav */,
				4EC69CE519726D340094A23E /* Main.storyboard */,
				4EC69CE819726D340094A23E /* Images.xcassets */,
				4EC69CDB19726D340094A23E /* Supporting Files */,
			);
			path = "Flappy Swift";
			sourceTree = "<group>";
		};
		4EC69CDB19726D340094A23E /* Supporting Files */ = {
			isa = PBXGroup;
			children = (
				4EC69CDC19726D340094A23E /* Info.plist */,
			);
			name = "Supporting Files";
			sourceTree = "<group>";
		};
		4EC69CF119726D350094A23E /* Flappy SwiftTests */ = {
			isa = PBXGroup;
			children = (
				4EC69CF419726D350094A23E /* Flappy_SwiftTests.swift */,
				4EC69CF219726D350094A23E /* Supporting Files */,
			);
			path = "Flappy SwiftTests";
			sourceTree = "<group>";
		};
		4EC69CF219726D350094A23E /* Supporting Files */ = {
			isa = PBXGroup;
			children = (
				4EC69CF319726D350094A23E /* Info.plist */,
			);
			name = "Supporting Files";
			sourceTree = "<group>";
		};
		4EC69CFE197278E30094A23E /* images */ = {
			isa = PBXGroup;
			children = (
				E9AC1D4A1B25164500F2468B /* man1@2x.png */,
				E9AC1D4B1B25164500F2468B /* man2@2x.png */,
				E9AC1D4C1B25164500F2468B /* man3@2x.png */,
				E9AC1D4D1B25164500F2468B /* man4@2x.png */,
				E9C7C69F1B27763400F380DC /* background@2x.png */,
				4EC69CFF197278E30094A23E /* bg.png */,
				4EC69D00197278E30094A23E /* bg@2x.png */,
				4EC69D01197278E30094A23E /* bird1.png */,
				4EC69D02197278E30094A23E /* bird1@2x.png */,
				4EC69D03197278E30094A23E /* bird2.png */,
				4EC69D04197278E30094A23E /* bird2@2x.png */,
				4EC69D05197278E30094A23E /* bottom.png */,
				4EC69D06197278E30094A23E /* pipe.png */,
				4EC69D07197278E30094A23E /* TapToStart.png */,
			);
			path = images;
			sourceTree = "<group>";
		};
/* End PBXGroup section */

/* Begin PBXNativeTarget section */
		4EC69CD719726D340094A23E /* Flappy Swift */ = {
			isa = PBXNativeTarget;
			buildConfigurationList = 4EC69CF819726D350094A23E /* Build configuration list for PBXNativeTarget "Flappy Swift" */;
			buildPhases = (
				4EC69CD419726D340094A23E /* Sources */,
				4EC69CD519726D340094A23E /* Frameworks */,
				4EC69CD619726D340094A23E /* Resources */,
			);
			buildRules = (
			);
			dependencies = (
			);
			name = "Flappy Swift";
			productName = "Flappy Swift";
			productReference = 4EC69CD819726D340094A23E /* Flappy Swift.app */;
			productType = "com.apple.product-type.application";
		};
		4EC69CED19726D350094A23E /* Flappy SwiftTests */ = {
			isa = PBXNativeTarget;
			buildConfigurationList = 4EC69CFB19726D350094A23E /* Build configuration list for PBXNativeTarget "Flappy SwiftTests" */;
			buildPhases = (
				4EC69CEA19726D350094A23E /* Sources */,
				4EC69CEB19726D350094A23E /* Frameworks */,
				4EC69CEC19726D350094A23E /* Resources */,
			);
			buildRules = (
			);
			dependencies = (
				4EC69CF019726D350094A23E /* PBXTargetDependency */,
			);
			name = "Flappy SwiftTests";
			productName = "Flappy SwiftTests";
			productReference = 4EC69CEE19726D350094A23E /* Flappy SwiftTests.xctest */;
			productType = "com.apple.product-type.bundle.unit-test";
		};
/* End PBXNativeTarget section */

/* Begin PBXProject section */
		4EC69CD019726D340094A23E /* Project object */ = {
			isa = PBXProject;
			attributes = {
				LastUpgradeCheck = 0600;
				ORGANIZATIONNAME = "";
				TargetAttributes = {
					4EC69CD719726D340094A23E = {
						CreatedOnToolsVersion = 6.0;
						DevelopmentTeam = 67HNF3PCKJ;
						SystemCapabilities = {
							com.apple.InAppPurchase = {
								enabled = 1;
							};
						};
					};
					4EC69CED19726D350094A23E = {
						CreatedOnToolsVersion = 6.0;
						TestTargetID = 4EC69CD719726D340094A23E;
					};
				};
			};
			buildConfigurationList = 4EC69CD319726D340094A23E /* Build configuration list for PBXProject "Flappy Swift" */;
			compatibilityVersion = "Xcode 3.2";
			developmentRegion = English;
			hasScannedForEncodings = 0;
			knownRegions = (
				en,
				Base,
			);
			mainGroup = 4EC69CCF19726D340094A23E;
			productRefGroup = 4EC69CD919726D340094A23E /* Products */;
			projectDirPath = "";
			projectRoot = "";
			targets = (
				4EC69CD719726D340094A23E /* Flappy Swift */,
				4EC69CED19726D350094A23E /* Flappy SwiftTests */,
			);
		};
/* End PBXProject section */

/* Begin PBXResourcesBuildPhase section */
		4EC69CD619726D340094A23E /* Resources */ = {
			isa = PBXResourcesBuildPhase;
			buildActionMask = 2147483647;
			files = (
				E9AC1D4F1B25164500F2468B /* man2@2x.png in Resources */,
				4EC69CE919726D340094A23E /* Images.xcassets in Resources */,
				E935F46A1B2A50E5004F9924 /* SFX_Powerup_47.wav in Resources */,
				E9C288211B2946C1003AD446 /* SFX_Powerup_49.wav in Resources */,
				E9AC1D4E1B25164500F2468B /* man1@2x.png in Resources */,
				4EC69D08197278E30094A23E /* bg.png in Resources */,
				E9C288231B294D53003AD446 /* bossfight.mp3 in Resources */,
				4EC69D0B197278E30094A23E /* bird1@2x.png in Resources */,
				4EC69D0E197278E30094A23E /* bottom.png in Resources */,
				4EC69D0D197278E30094A23E /* bird2@2x.png in Resources */,
				4EC69D0F197278E30094A23E /* pipe.png in Resources */,
				4EC69CE719726D340094A23E /* Main.storyboard in Resources */,
				4EC69D0A197278E30094A23E /* bird1.png in Resources */,
				E99E88AB1B2D49C10064EE51 /* win.wav in Resources */,
				E9AC1D501B25164500F2468B /* man3@2x.png in Resources */,
				E9AC1D511B25164500F2468B /* man4@2x.png in Resources */,
				4EC69D09197278E30094A23E /* bg@2x.png in Resources */,
				4EC69D0C197278E30094A23E /* bird2.png in Resources */,
				E9C7C6A01B27763400F380DC /* background@2x.png in Resources */,
				E935F4681B2A5081004F9924 /* SFX_Powerup_21.wav in Resources */,
				4EC69D10197278E30094A23E /* TapToStart.png in Resources */,
				E99E88AC1B2D49C10064EE51 /* hit01.wav in Resources */,
				E935F46C1B2A50FA004F9924 /* SFX_Powerup_34.wav in Resources */,
			);
			runOnlyForDeploymentPostprocessing = 0;
		};
		4EC69CEC19726D350094A23E /* Resources */ = {
			isa = PBXResourcesBuildPhase;
			buildActionMask = 2147483647;
			files = (
			);
			runOnlyForDeploymentPostprocessing = 0;
		};
/* End PBXResourcesBuildPhase section */

/* Begin PBXSourcesBuildPhase section */
		4EC69CD419726D340094A23E /* Sources */ = {
			isa = PBXSourcesBuildPhase;
			buildActionMask = 2147483647;
			files = (
				E9C288251B2953DC003AD446 /* SwiftyUserDefaults.swift in Sources */,
				E935F4701B2D2DA9004F9924 /* TopBirdScene.swift in Sources */,
				4EC69CE219726D340094A23E /* GameScene.swift in Sources */,
				E935F46E1B2B49EA004F9924 /* MenuScene.swift in Sources */,
				4EC69CE419726D340094A23E /* GameViewController.swift in Sources */,
				4EC69CDE19726D340094A23E /* AppDelegate.swift in Sources */,
				E99E88AE1B2DFBB40064EE51 /* EasyGameCenter.swift in Sources */,
				E9F94D8A1B34BC8E0093F4CB /* ThankYouScene.swift in Sources */,
			);
			runOnlyForDeploymentPostprocessing = 0;
		};
		4EC69CEA19726D350094A23E /* Sources */ = {
			isa = PBXSourcesBuildPhase;
			buildActionMask = 2147483647;
			files = (
				4EC69CF519726D350094A23E /* Flappy_SwiftTests.swift in Sources */,
			);
			runOnlyForDeploymentPostprocessing = 0;
		};
/* End PBXSourcesBuildPhase section */

/* Begin PBXTargetDependency section */
		4EC69CF019726D350094A23E /* PBXTargetDependency */ = {
			isa = PBXTargetDependency;
			target = 4EC69CD719726D340094A23E /* Flappy Swift */;
			targetProxy = 4EC69CEF19726D350094A23E /* PBXContainerItemProxy */;
		};
/* End PBXTargetDependency section */

/* Begin PBXVariantGroup section */
		4EC69CE519726D340094A23E /* Main.storyboard */ = {
			isa = PBXVariantGroup;
			children = (
				4EC69CE619726D340094A23E /* Base */,
			);
			name = Main.storyboard;
			sourceTree = "<group>";
		};
/* End PBXVariantGroup section */

/* Begin XCBuildConfiguration section */
		4EC69CF619726D350094A23E /* Debug */ = {
			isa = XCBuildConfiguration;
			buildSettings = {
				ALWAYS_SEARCH_USER_PATHS = NO;
				CLANG_CXX_LANGUAGE_STANDARD = "gnu++0x";
				CLANG_CXX_LIBRARY = "libc++";
				CLANG_ENABLE_MODULES = YES;
				CLANG_ENABLE_OBJC_ARC = YES;
				CLANG_WARN_BOOL_CONVERSION = YES;
				CLANG_WARN_CONSTANT_CONVERSION = YES;
				CLANG_WARN_DIRECT_OBJC_ISA_USAGE = YES_ERROR;
				CLANG_WARN_EMPTY_BODY = YES;
				CLANG_WARN_ENUM_CONVERSION = YES;
				CLANG_WARN_INT_CONVERSION = YES;
				CLANG_WARN_OBJC_ROOT_CLASS = YES_ERROR;
				CLANG_WARN_UNREACHABLE_CODE = YES;
				CLANG_WARN__DUPLICATE_METHOD_MATCH = YES;
				CODE_SIGN_IDENTITY = "iPhone Distribution: Damien Sutevski (67HNF3PCKJ)";
				"CODE_SIGN_IDENTITY[sdk=iphoneos*]" = "iPhone Distribution: Damien Sutevski (67HNF3PCKJ)";
				COPY_PHASE_STRIP = NO;
				ENABLE_STRICT_OBJC_MSGSEND = YES;
				GCC_C_LANGUAGE_STANDARD = gnu99;
				GCC_DYNAMIC_NO_PIC = NO;
				GCC_OPTIMIZATION_LEVEL = 0;
				GCC_PREPROCESSOR_DEFINITIONS = (
					"DEBUG=1",
					"$(inherited)",
				);
				GCC_SYMBOLS_PRIVATE_EXTERN = NO;
				GCC_WARN_64_TO_32_BIT_CONVERSION = YES;
				GCC_WARN_ABOUT_RETURN_TYPE = YES_ERROR;
				GCC_WARN_UNDECLARED_SELECTOR = YES;
				GCC_WARN_UNINITIALIZED_AUTOS = YES_AGGRESSIVE;
				GCC_WARN_UNUSED_FUNCTION = YES;
				GCC_WARN_UNUSED_VARIABLE = YES;
				IPHONEOS_DEPLOYMENT_TARGET = 8.0;
				MTL_ENABLE_DEBUG_INFO = YES;
				ONLY_ACTIVE_ARCH = YES;
				PROVISIONING_PROFILE = "14de79f8-b0ae-4c79-92d6-c963c8afff22";
				SDKROOT = iphoneos;
				SWIFT_OPTIMIZATION_LEVEL = "-Onone";
			};
			name = Debug;
		};
		4EC69CF719726D350094A23E /* Release */ = {
			isa = XCBuildConfiguration;
			buildSettings = {
				ALWAYS_SEARCH_USER_PATHS = NO;
				CLANG_CXX_LANGUAGE_STANDARD = "gnu++0x";
				CLANG_CXX_LIBRARY = "libc++";
				CLANG_ENABLE_MODULES = YES;
				CLANG_ENABLE_OBJC_ARC = YES;
				CLANG_WARN_BOOL_CONVERSION = YES;
				CLANG_WARN_CONSTANT_CONVERSION = YES;
				CLANG_WARN_DIRECT_OBJC_ISA_USAGE = YES_ERROR;
				CLANG_WARN_EMPTY_BODY = YES;
				CLANG_WARN_ENUM_CONVERSION = YES;
				CLANG_WARN_INT_CONVERSION = YES;
				CLANG_WARN_OBJC_ROOT_CLASS = YES_ERROR;
				CLANG_WARN_UNREACHABLE_CODE = YES;
				CLANG_WARN__DUPLICATE_METHOD_MATCH = YES;
				CODE_SIGN_IDENTITY = "iPhone Distribution: Damien Sutevski (67HNF3PCKJ)";
				"CODE_SIGN_IDENTITY[sdk=iphoneos*]" = "iPhone Distribution: Damien Sutevski (67HNF3PCKJ)";
				COPY_PHASE_STRIP = YES;
				ENABLE_NS_ASSERTIONS = NO;
				ENABLE_STRICT_OBJC_MSGSEND = YES;
				GCC_C_LANGUAGE_STANDARD = gnu99;
				GCC_WARN_64_TO_32_BIT_CONVERSION = YES;
				GCC_WARN_ABOUT_RETURN_TYPE = YES_ERROR;
				GCC_WARN_UNDECLARED_SELECTOR = YES;
				GCC_WARN_UNINITIALIZED_AUTOS = YES_AGGRESSIVE;
				GCC_WARN_UNUSED_FUNCTION = YES;
				GCC_WARN_UNUSED_VARIABLE = YES;
				IPHONEOS_DEPLOYMENT_TARGET = 8.0;
				MTL_ENABLE_DEBUG_INFO = NO;
				PROVISIONING_PROFILE = "14de79f8-b0ae-4c79-92d6-c963c8afff22";
				SDKROOT = iphoneos;
				VALIDATE_PRODUCT = YES;
			};
			name = Release;
		};
		4EC69CF919726D350094A23E /* Debug */ = {
			isa = XCBuildConfiguration;
			buildSettings = {
				ASSETCATALOG_COMPILER_APPICON_NAME = AppIcon;
				ASSETCATALOG_COMPILER_LAUNCHIMAGE_NAME = LaunchImage;
				CODE_SIGN_IDENTITY = "iPhone Distribution";
				"CODE_SIGN_IDENTITY[sdk=iphoneos*]" = "iPhone Distribution";
				INFOPLIST_FILE = "Flappy Swift/Info.plist";
				IPHONEOS_DEPLOYMENT_TARGET = 7.0;
				LD_RUNPATH_SEARCH_PATHS = "$(inherited) @executable_path/Frameworks";
				PRODUCT_NAME = "$(TARGET_NAME)";
				PROVISIONING_PROFILE = "14de79f8-b0ae-4c79-92d6-c963c8afff22";
			};
			name = Debug;
		};
		4EC69CFA19726D350094A23E /* Release */ = {
			isa = XCBuildConfiguration;
			buildSettings = {
				ASSETCATALOG_COMPILER_APPICON_NAME = AppIcon;
				ASSETCATALOG_COMPILER_LAUNCHIMAGE_NAME = LaunchImage;
				CODE_SIGN_IDENTITY = "iPhone Distribution";
				"CODE_SIGN_IDENTITY[sdk=iphoneos*]" = "iPhone Distribution";
				INFOPLIST_FILE = "Flappy Swift/Info.plist";
				IPHONEOS_DEPLOYMENT_TARGET = 7.0;
				LD_RUNPATH_SEARCH_PATHS = "$(inherited) @executable_path/Frameworks";
				PRODUCT_NAME = "$(TARGET_NAME)";
				PROVISIONING_PROFILE = "14de79f8-b0ae-4c79-92d6-c963c8afff22";
			};
			name = Release;
		};
		4EC69CFC19726D350094A23E /* Debug */ = {
			isa = XCBuildConfiguration;
			buildSettings = {
				BUNDLE_LOADER = "$(BUILT_PRODUCTS_DIR)/Flappy Swift.app/Flappy Swift";
				FRAMEWORK_SEARCH_PATHS = (
					"$(SDKROOT)/Developer/Library/Frameworks",
					"$(inherited)",
				);
				GCC_PREPROCESSOR_DEFINITIONS = (
					"DEBUG=1",
					"$(inherited)",
				);
				INFOPLIST_FILE = "Flappy SwiftTests/Info.plist";
				LD_RUNPATH_SEARCH_PATHS = "$(inherited) @executable_path/Frameworks @loader_path/Frameworks";
				PRODUCT_NAME = "$(TARGET_NAME)";
				TEST_HOST = "$(BUNDLE_LOADER)";
			};
			name = Debug;
		};
		4EC69CFD19726D350094A23E /* Release */ = {
			isa = XCBuildConfiguration;
			buildSettings = {
				BUNDLE_LOADER = "$(BUILT_PRODUCTS_DIR)/Flappy Swift.app/Flappy Swift";
				FRAMEWORK_SEARCH_PATHS = (
					"$(SDKROOT)/Developer/Library/Frameworks",
					"$(inherited)",
				);
				INFOPLIST_FILE = "Flappy SwiftTests/Info.plist";
				LD_RUNPATH_SEARCH_PATHS = "$(inherited) @executable_path/Frameworks @loader_path/Frameworks";
				PRODUCT_NAME = "$(TARGET_NAME)";
				TEST_HOST = "$(BUNDLE_LOADER)";
			};
			name = Release;
		};
/* End XCBuildConfiguration section */

/* Begin XCConfigurationList section */
		4EC69CD319726D340094A23E /* Build configuration list for PBXProject "Flappy Swift" */ = {
			isa = XCConfigurationList;
			buildConfigurations = (
				4EC69CF619726D350094A23E /* Debug */,
				4EC69CF719726D350094A23E /* Release */,
			);
			defaultConfigurationIsVisible = 0;
			defaultConfigurationName = Release;
		};
		4EC69CF819726D350094A23E /* Build configuration list for PBXNativeTarget "Flappy Swift" */ = {
			isa = XCConfigurationList;
			buildConfigurations = (
				4EC69CF919726D350094A23E /* Debug */,
				4EC69CFA19726D350094A23E /* Release */,
			);
			defaultConfigurationIsVisible = 0;
			defaultConfigurationName = Release;
		};
		4EC69CFB19726D350094A23E /* Build configuration list for PBXNativeTarget "Flappy SwiftTests" */ = {
			isa = XCConfigurationList;
			buildConfigurations = (
				4EC69CFC19726D350094A23E /* Debug */,
				4EC69CFD19726D350094A23E /* Release */,
			);
			defaultConfigurationIsVisible = 0;
			defaultConfigurationName = Release;
		};
/* End XCConfigurationList section */
	};
	rootObject = 4EC69CD019726D340094A23E /* Project object */;
}
